
Microsoft Visual Studio Solution File, Format Version 12.00
# Visual Studio Version 16
VisualStudioVersion = 16.0.30523.141
MinimumVisualStudioVersion = 10.0.40219.1
Project("{FAE04EC0-301F-11D3-BF4B-00C04F79EFBC}") = "Lesan_Maria_Lab5", "Lesan_Maria_Lab5.csproj", "{FD50AFA5-7066-44F6-AE0D-83DECF250B86}"
EndProject
Global
	GlobalSection(SolutionConfigurationPlatforms) = preSolution
		Debug|Any CPU = Debug|Any CPU
		Release|Any CPU = Release|Any CPU
	EndGlobalSection
	GlobalSection(ProjectConfigurationPlatforms) = postSolution
		{FD50AFA5-7066-44F6-AE0D-83DECF250B86}.Debug|Any CPU.ActiveCfg = Debug|Any CPU
		{FD50AFA5-7066-44F6-AE0D-83DECF250B86}.Debug|Any CPU.Build.0 = Debug|Any CPU
		{FD50AFA5-7066-44F6-AE0D-83DECF250B86}.Release|Any CPU.ActiveCfg = Release|Any CPU
		{FD50AFA5-7066-44F6-AE0D-83DECF250B86}.Release|Any CPU.Build.0 = Release|Any CPU
	EndGlobalSection
	GlobalSection(SolutionProperties) = preSolution
		HideSolutionNode = FALSE
	EndGlobalSection
	GlobalSection(ExtensibilityGlobals) = postSolution
		SolutionGuid = {AAE5BCF3-47AB-4684-BFBF-212F2C0F11B0}
	EndGlobalSection
EndGlobal
